
Microsoft Visual Studio Solution File, Format Version 12.00
# Visual Studio Version 17
VisualStudioVersion = 17.10.35013.160
MinimumVisualStudioVersion = 10.0.40219.1
Project("{FAE04EC0-301F-11D3-BF4B-00C04F79EFBC}") = "PodLibrary", "PodLibrary\PodLibrary.csproj", "{3C33A9F7-7C0D-4B7B-82D7-957A47E0A0CA}"
EndProject
Global
	GlobalSection(SolutionConfigurationPlatforms) = preSolution
		Debug|Any CPU = Debug|Any CPU
		Release|Any CPU = Release|Any CPU
	EndGlobalSection
	GlobalSection(ProjectConfigurationPlatforms) = postSolution
		{3C33A9F7-7C0D-4B7B-82D7-957A47E0A0CA}.Debug|Any CPU.ActiveCfg = Debug|Any CPU
		{3C33A9F7-7C0D-4B7B-82D7-957A47E0A0CA}.Debug|Any CPU.Build.0 = Debug|Any CPU
		{3C33A9F7-7C0D-4B7B-82D7-957A47E0A0CA}.Release|Any CPU.ActiveCfg = Release|Any CPU
		{3C33A9F7-7C0D-4B7B-82D7-957A47E0A0CA}.Release|Any CPU.Build.0 = Release|Any CPU
	EndGlobalSection
	GlobalSection(SolutionProperties) = preSolution
		HideSolutionNode = FALSE
	EndGlobalSection
	GlobalSection(ExtensibilityGlobals) = postSolution
		SolutionGuid = {1B368F80-89B0-4723-964D-81838B18345B}
	EndGlobalSection
EndGlobal
